
Microsoft Visual Studio Solution File, Format Version 12.00
# Visual Studio Version 17
VisualStudioVersion = 17.5.002.0
MinimumVisualStudioVersion = 10.0.40219.1
Project("{9A19103F-16F7-4668-BE54-9A1E7A4F7556}") = "PruebaTecnicaVM", "PruebaTecnicaVM.csproj", "{100A9263-A279-4D8B-97B4-67745844017D}"
EndProject
Global
	GlobalSection(SolutionConfigurationPlatforms) = preSolution
		Debug|Any CPU = Debug|Any CPU
		Release|Any CPU = Release|Any CPU
	EndGlobalSection
	GlobalSection(ProjectConfigurationPlatforms) = postSolution
		{100A9263-A279-4D8B-97B4-67745844017D}.Debug|Any CPU.ActiveCfg = Debug|Any CPU
		{100A9263-A279-4D8B-97B4-67745844017D}.Debug|Any CPU.Build.0 = Debug|Any CPU
		{100A9263-A279-4D8B-97B4-67745844017D}.Release|Any CPU.ActiveCfg = Release|Any CPU
		{100A9263-A279-4D8B-97B4-67745844017D}.Release|Any CPU.Build.0 = Release|Any CPU
	EndGlobalSection
	GlobalSection(SolutionProperties) = preSolution
		HideSolutionNode = FALSE
	EndGlobalSection
	GlobalSection(ExtensibilityGlobals) = postSolution
		SolutionGuid = {344714E8-9CF9-44FF-B2F3-87DF51E47099}
	EndGlobalSection
EndGlobal
